
Microsoft Visual Studio Solution File, Format Version 12.00
# Visual Studio Version 17
VisualStudioVersion = 17.1.32210.238
MinimumVisualStudioVersion = 10.0.40219.1
Project("{9A19103F-16F7-4668-BE54-9A1E7A4F7556}") = "WebAPICRUD1", "WebAPICRUD1\WebAPICRUD1.csproj", "{AB38AE7E-1036-436D-A6E3-641FE880A200}"
EndProject
Project("{FAE04EC0-301F-11D3-BF4B-00C04F79EFBC}") = "MacAddressWebAPI", "MacAddressWebAPI\MacAddressWebAPI.csproj", "{2ACE03B8-A084-4160-AC80-D6858610F655}"
EndProject
Project("{FAE04EC0-301F-11D3-BF4B-00C04F79EFBC}") = "EFCoreRelationships", "EFCoreRelationships\EFCoreRelationships.csproj", "{6375A3DC-2546-44D0-A949-DFD03924EC65}"
EndProject
Global
	GlobalSection(SolutionConfigurationPlatforms) = preSolution
		Debug|Any CPU = Debug|Any CPU
		Release|Any CPU = Release|Any CPU
	EndGlobalSection
	GlobalSection(ProjectConfigurationPlatforms) = postSolution
		{AB38AE7E-1036-436D-A6E3-641FE880A200}.Debug|Any CPU.ActiveCfg = Debug|Any CPU
		{AB38AE7E-1036-436D-A6E3-641FE880A200}.Debug|Any CPU.Build.0 = Debug|Any CPU
		{AB38AE7E-1036-436D-A6E3-641FE880A200}.Release|Any CPU.ActiveCfg = Release|Any CPU
		{AB38AE7E-1036-436D-A6E3-641FE880A200}.Release|Any CPU.Build.0 = Release|Any CPU
		{2ACE03B8-A084-4160-AC80-D6858610F655}.Debug|Any CPU.ActiveCfg = Debug|Any CPU
		{2ACE03B8-A084-4160-AC80-D6858610F655}.Debug|Any CPU.Build.0 = Debug|Any CPU
		{2ACE03B8-A084-4160-AC80-D6858610F655}.Release|Any CPU.ActiveCfg = Release|Any CPU
		{2ACE03B8-A084-4160-AC80-D6858610F655}.Release|Any CPU.Build.0 = Release|Any CPU
		{6375A3DC-2546-44D0-A949-DFD03924EC65}.Debug|Any CPU.ActiveCfg = Debug|Any CPU
		{6375A3DC-2546-44D0-A949-DFD03924EC65}.Debug|Any CPU.Build.0 = Debug|Any CPU
		{6375A3DC-2546-44D0-A949-DFD03924EC65}.Release|Any CPU.ActiveCfg = Release|Any CPU
		{6375A3DC-2546-44D0-A949-DFD03924EC65}.Release|Any CPU.Build.0 = Release|Any CPU
	EndGlobalSection
	GlobalSection(SolutionProperties) = preSolution
		HideSolutionNode = FALSE
	EndGlobalSection
	GlobalSection(ExtensibilityGlobals) = postSolution
		SolutionGuid = {792DA399-10A2-46F6-ADB1-5CA77386DFA3}
	EndGlobalSection
EndGlobal
